github.com/alecthomas/gozmq v0.0.0-20140622232202-d1b01a2df6b2 h1:avoSu+wd97LeIY/JW9gQQwo6uKmsBOuWtLTJT5ewHWU=
github.com/alecthomas/gozmq v0.0.0-20140622232202-d1b01a2df6b2/go.mod h1:4M6gCnOnuQEAVnqf5I1tc+/6c6ZiScidY+LkurMUcbY=
github.com/google/go-cmp v0.2.0 h1:+dTQ8DZQJz0Mb/HjFlkptS1FeQ4cWSnN941F8aEG4SQ=
github.com/google/go-cmp v0.2.0/go.mod h1:oXzfMopK8JAjlY9xF4vHSVASa0yLyX7SntLO5aqRK0M=
github.com/pebbe/zmq4 v1.0.0 h1:D+MSmPpqkL5PSSmnh8g51ogirUCyemThuZzLW7Nrt78=
github.com/pebbe/zmq4 v1.0.0/go.mod h1:7N4y5R18zBiu3l0vajMUWQgZyjv464prE8RCyBcmnZM=
github.com/pkg/errors v0.8.0 h1:WdK/asTD0HN+q6hsWO3/vpuAkAr+tw6aNJNDFFf0+qw=
github.com/pkg/errors v0.8.0/go.mod h1:bwawxfHBFNV+L2hUp1rHADufV3IMtnDRdf1r5NINEl0=
github.com/vmihailenco/msgpack v4.0.1+incompatible h1:RMF1enSPeKTlXrXdOcqjFUElywVZjjC6pqse21bKbEU=
github.com/vmihailenco/msgpack v4.0.1+incompatible/go.mod h1:fy3FlTQTDXWkZ7Bh6AcGMlsjHatGryHQYUTf1ShIgkk=
gotest.tools v2.2.0+incompatible h1:y0IMTfclpMdsdIbr6uwmJn5/WZ7vFuObxDMdrylFM3A=
gotest.tools v2.2.0+incompatible/go.mod h1:DsYFclhRJ6vuDpmuTbkuFWG+y2sxOXAzmJt81HFBacw=
